
Microsoft Visual Studio Solution File, Format Version 12.00
# Visual Studio Version 17
VisualStudioVersion = 17.0.31919.166
MinimumVisualStudioVersion = 10.0.40219.1
Project("{FAE04EC0-301F-11D3-BF4B-00C04F79EFBC}") = "Primeiro", "Primeiro\Primeiro.csproj", "{FE92BD0F-3E24-49DB-BF97-E8706BB6A44D}"
EndProject
Global
	GlobalSection(SolutionConfigurationPlatforms) = preSolution
		Debug|Any CPU = Debug|Any CPU
		Release|Any CPU = Release|Any CPU
	EndGlobalSection
	GlobalSection(ProjectConfigurationPlatforms) = postSolution
		{FE92BD0F-3E24-49DB-BF97-E8706BB6A44D}.Debug|Any CPU.ActiveCfg = Debug|Any CPU
		{FE92BD0F-3E24-49DB-BF97-E8706BB6A44D}.Debug|Any CPU.Build.0 = Debug|Any CPU
		{FE92BD0F-3E24-49DB-BF97-E8706BB6A44D}.Release|Any CPU.ActiveCfg = Release|Any CPU
		{FE92BD0F-3E24-49DB-BF97-E8706BB6A44D}.Release|Any CPU.Build.0 = Release|Any CPU
	EndGlobalSection
	GlobalSection(SolutionProperties) = preSolution
		HideSolutionNode = FALSE
	EndGlobalSection
	GlobalSection(ExtensibilityGlobals) = postSolution
		SolutionGuid = {DA11EE13-5824-4655-96D5-CFA66E46C636}
	EndGlobalSection
EndGlobal
